
Microsoft Visual Studio Solution File, Format Version 12.00
Project("{FAE04EC0-301F-11D3-BF4B-00C04F79EFBC}") = "TournamentWinnerRole", "TournamentWinnerRole\TournamentWinnerRole.csproj", "{BDF1FFDE-2498-49A5-B24F-985F0629C1E5}"
EndProject
Global
	GlobalSection(SolutionConfigurationPlatforms) = preSolution
		Debug|Any CPU = Debug|Any CPU
		Release|Any CPU = Release|Any CPU
	EndGlobalSection
	GlobalSection(ProjectConfigurationPlatforms) = postSolution
		{BDF1FFDE-2498-49A5-B24F-985F0629C1E5}.Debug|Any CPU.ActiveCfg = Debug|Any CPU
		{BDF1FFDE-2498-49A5-B24F-985F0629C1E5}.Debug|Any CPU.Build.0 = Debug|Any CPU
		{BDF1FFDE-2498-49A5-B24F-985F0629C1E5}.Release|Any CPU.ActiveCfg = Release|Any CPU
		{BDF1FFDE-2498-49A5-B24F-985F0629C1E5}.Release|Any CPU.Build.0 = Release|Any CPU
	EndGlobalSection
EndGlobal
